
Microsoft Visual Studio Solution File, Format Version 12.00
# Visual Studio Version 16
VisualStudioVersion = 16.0.30611.23
MinimumVisualStudioVersion = 10.0.40219.1
Project("{FAE04EC0-301F-11D3-BF4B-00C04F79EFBC}") = "Avanade.SubTCSE.Projeto.Api", "Avanade.SubTCSE.Projeto.Api\Avanade.SubTCSE.Projeto.Api.csproj", "{03A739FF-1DBE-44DF-A20E-3CFACEB040D5}"
EndProject
Global
	GlobalSection(SolutionConfigurationPlatforms) = preSolution
		Debug|Any CPU = Debug|Any CPU
		Release|Any CPU = Release|Any CPU
	EndGlobalSection
	GlobalSection(ProjectConfigurationPlatforms) = postSolution
		{03A739FF-1DBE-44DF-A20E-3CFACEB040D5}.Debug|Any CPU.ActiveCfg = Debug|Any CPU
		{03A739FF-1DBE-44DF-A20E-3CFACEB040D5}.Debug|Any CPU.Build.0 = Debug|Any CPU
		{03A739FF-1DBE-44DF-A20E-3CFACEB040D5}.Release|Any CPU.ActiveCfg = Release|Any CPU
		{03A739FF-1DBE-44DF-A20E-3CFACEB040D5}.Release|Any CPU.Build.0 = Release|Any CPU
	EndGlobalSection
	GlobalSection(SolutionProperties) = preSolution
		HideSolutionNode = FALSE
	EndGlobalSection
	GlobalSection(ExtensibilityGlobals) = postSolution
		SolutionGuid = {EBC402A5-7F7C-4A6B-AB71-2577546FDE94}
	EndGlobalSection
EndGlobal
